{
  "name": "hempin-ui",
  "version": "0.0.1",
  "lockfileVersion": 3,
  "requires": true,
  "packages": {
    "": {
      "name": "hempin-ui",
      "version": "0.0.1",
      "license": "ISC",
      "dependencies": {
        "hempin-ui": "github:globalhempservice/hempin-ui"
      }
    },
    "node_modules/hempin-ui": {
      "version": "0.0.1",
      "resolved": "git+ssh://git@github.com/globalhempservice/hempin-ui.git#a28b443adf28bcd427b1b8e153d1029ed04df1d6",
      "license": "ISC"
    }
  }
}
